PODS:
  - Alamofire (4.7.3)
  - Kingfisher (5.4.0)

DEPENDENCIES:
  - Alamofire (~> 4.7.0)
  - Kingfisher (~> 5.0)

SPEC REPOS:
  https://github.com/cocoapods/specs.git:
    - Alamofire
    - Kingfisher

SPEC CHECKSUMS:
  Alamofire: c7287b6e5d7da964a70935e5db17046b7fde6568
  Kingfisher: 9c8f2cc6710334e06f32ba2b45e77707d5e2f0c9

PODFILE CHECKSUM: 360455820c5a5c1b001cd8d097a2ec3daa708cbc

COCOAPODS: 1.6.1
